
Microsoft Visual Studio Solution File, Format Version 12.00
# Visual Studio Version 16
VisualStudioVersion = 16.0.31702.278
MinimumVisualStudioVersion = 10.0.40219.1
Project("{FAE04EC0-301F-11D3-BF4B-00C04F79EFBC}") = "ScrapTrack.Web", "ScrapTrack.Web\ScrapTrack.Web.csproj", "{436AF466-877F-4A89-8A71-3A94CF521027}"
EndProject
Project("{FAE04EC0-301F-11D3-BF4B-00C04F79EFBC}") = "ScrapTrack.Data", "ScrapTrack.Data\ScrapTrack.Data.csproj", "{4662F828-F242-4B64-92FC-0931EFBCE347}"
EndProject
Global
	GlobalSection(SolutionConfigurationPlatforms) = preSolution
		Debug|Any CPU = Debug|Any CPU
		Release|Any CPU = Release|Any CPU
	EndGlobalSection
	GlobalSection(ProjectConfigurationPlatforms) = postSolution
		{436AF466-877F-4A89-8A71-3A94CF521027}.Debug|Any CPU.ActiveCfg = Debug|Any CPU
		{436AF466-877F-4A89-8A71-3A94CF521027}.Debug|Any CPU.Build.0 = Debug|Any CPU
		{436AF466-877F-4A89-8A71-3A94CF521027}.Release|Any CPU.ActiveCfg = Release|Any CPU
		{436AF466-877F-4A89-8A71-3A94CF521027}.Release|Any CPU.Build.0 = Release|Any CPU
		{4662F828-F242-4B64-92FC-0931EFBCE347}.Debug|Any CPU.ActiveCfg = Debug|Any CPU
		{4662F828-F242-4B64-92FC-0931EFBCE347}.Debug|Any CPU.Build.0 = Debug|Any CPU
		{4662F828-F242-4B64-92FC-0931EFBCE347}.Release|Any CPU.ActiveCfg = Release|Any CPU
		{4662F828-F242-4B64-92FC-0931EFBCE347}.Release|Any CPU.Build.0 = Release|Any CPU
	EndGlobalSection
	GlobalSection(SolutionProperties) = preSolution
		HideSolutionNode = FALSE
	EndGlobalSection
	GlobalSection(ExtensibilityGlobals) = postSolution
		SolutionGuid = {264DE75E-5AA1-4CE6-9AA8-A29B7E516343}
	EndGlobalSection
EndGlobal
